// !$*UTF8*$!
{
	archiveVersion = 1;
	classes = {
	};
	objectVersion = 46;
	objects = {

/* Begin PBXBuildFile section */
		8F0EA11B1C7ED2DC008D624A /* main.m in Sources */ = {isa = PBXBuildFile; fileRef = 8F0EA11A1C7ED2DC008D624A /* main.m */; };
		8F0EA11E1C7ED2DC008D624A /* AppDelegate.m in Sources */ = {isa = PBXBuildFile; fileRef = 8F0EA11D1C7ED2DC008D624A /* AppDelegate.m */; };
		8F0EA1211C7ED2DC008D624A /* ViewController.m in Sources */ = {isa = PBXBuildFile; fileRef = 8F0EA1201C7ED2DC008D624A /* ViewController.m */; };
		8F0EA1241C7ED2DC008D624A /* Main.storyboard in Resources */ = {isa = PBXBuildFile; fileRef = 8F0EA1221C7ED2DC008D624A /* Main.storyboard */; };
		8F0EA1261C7ED2DC008D624A /* Assets.xcassets in Resources */ = {isa = PBXBuildFile; fileRef = 8F0EA1251C7ED2DC008D624A /* Assets.xcassets */; };
		8F0EA1291C7ED2DC008D624A /* LaunchScreen.storyboard in Resources */ = {isa = PBXBuildFile; fileRef = 8F0EA1271C7ED2DC008D624A /* LaunchScreen.storyboard */; };
		8F0EA13F1C7ED2DC008D624A /* CoinsInABucketUITests.m in Sources */ = {isa = PBXBuildFile; fileRef = 8F0EA13E1C7ED2DC008D624A /* CoinsInABucketUITests.m */; };
		8F0EA14F1C7EE0D8008D624A /* Coin.m in Sources */ = {isa = PBXBuildFile; fileRef = 8F0EA14E1C7EE0D8008D624A /* Coin.m */; };
		8F0EA1521C7EE0E9008D624A /* Bucket.m in Sources */ = {isa = PBXBuildFile; fileRef = 8F0EA1511C7EE0E9008D624A /* Bucket.m */; };
		8F0EA1561C7F475C008D624A /* CoinTests.m in Sources */ = {isa = PBXBuildFile; fileRef = 8F0EA1551C7F475C008D624A /* CoinTests.m */; };
/* End PBXBuildFile section */

/* Begin PBXContainerItemProxy section */
		8F0EA1301C7ED2DC008D624A /* PBXContainerItemProxy */ = {
			isa = PBXContainerItemProxy;
			containerPortal = 8F0EA10E1C7ED2DC008D624A /* Project object */;
			proxyType = 1;
			remoteGlobalIDString = 8F0EA1151C7ED2DC008D624A;
			remoteInfo = CoinsInABucket;
		};
		8F0EA13B1C7ED2DC008D624A /* PBXContainerItemProxy */ = {
			isa = PBXContainerItemProxy;
			containerPortal = 8F0EA10E1C7ED2DC008D624A /* Project object */;
			proxyType = 1;
			remoteGlobalIDString = 8F0EA1151C7ED2DC008D624A;
			remoteInfo = CoinsInABucket;
		};
/* End PBXContainerItemProxy section */

/* Begin PBXFileReference section */
		8F0EA1161C7ED2DC008D624A /* CoinsInABucket.app */ = {isa = PBXFileReference; explicitFileType = wrapper.application; includeInIndex = 0; path = CoinsInABucket.app; sourceTree = BUILT_PRODUCTS_DIR; };
		8F0EA11A1C7ED2DC008D624A /* main.m */ = {isa = PBXFileReference; lastKnownFileType = sourcecode.c.objc; path = main.m; sourceTree = "<group>"; };
		8F0EA11C1C7ED2DC008D624A /* AppDelegate.h */ = {isa = PBXFileReference; lastKnownFileType = sourcecode.c.h; path = AppDelegate.h; sourceTree = "<group>"; };
		8F0EA11D1C7ED2DC008D624A /* AppDelegate.m */ = {isa = PBXFileReference; lastKnownFileType = sourcecode.c.objc; path = AppDelegate.m; sourceTree = "<group>"; };
		8F0EA11F1C7ED2DC008D624A /* ViewController.h */ = {isa = PBXFileReference; lastKnownFileType = sourcecode.c.h; path = ViewController.h; sourceTree = "<group>"; };
		8F0EA1201C7ED2DC008D624A /* ViewController.m */ = {isa = PBXFileReference; lastKnownFileType = sourcecode.c.objc; path = ViewController.m; sourceTree = "<group>"; };
		8F0EA1231C7ED2DC008D624A /* Base */ = {isa = PBXFileReference; lastKnownFileType = file.storyboard; name = Base; path = Base.lproj/Main.storyboard; sourceTree = "<group>"; };
		8F0EA1251C7ED2DC008D624A /* Assets.xcassets */ = {isa = PBXFileReference; lastKnownFileType = folder.assetcatalog; path = Assets.xcassets; sourceTree = "<group>"; };
		8F0EA1281C7ED2DC008D624A /* Base */ = {isa = PBXFileReference; lastKnownFileType = file.storyboard; name = Base; path = Base.lproj/LaunchScreen.storyboard; sourceTree = "<group>"; };
		8F0EA12A1C7ED2DC008D624A /* Info.plist */ = {isa = PBXFileReference; lastKnownFileType = text.plist.xml; path = Info.plist; sourceTree = "<group>"; };
		8F0EA12F1C7ED2DC008D624A /* CoinsInABucketTests.xctest */ = {isa = PBXFileReference; explicitFileType = wrapper.cfbundle; includeInIndex = 0; path = CoinsInABucketTests.xctest; sourceTree = BUILT_PRODUCTS_DIR; };
		8F0EA1351C7ED2DC008D624A /* Info.plist */ = {isa = PBXFileReference; lastKnownFileType = text.plist.xml; path = Info.plist; sourceTree = "<group>"; };
		8F0EA13A1C7ED2DC008D624A /* CoinsInABucketUITests.xctest */ = {isa = PBXFileReference; explicitFileType = wrapper.cfbundle; includeInIndex = 0; path = CoinsInABucketUITests.xctest; sourceTree = BUILT_PRODUCTS_DIR; };
		8F0EA13E1C7ED2DC008D624A /* CoinsInABucketUITests.m */ = {isa = PBXFileReference; lastKnownFileType = sourcecode.c.objc; path = CoinsInABucketUITests.m; sourceTree = "<group>"; };
		8F0EA1401C7ED2DC008D624A /* Info.plist */ = {isa = PBXFileReference; lastKnownFileType = text.plist.xml; path = Info.plist; sourceTree = "<group>"; };
		8F0EA14D1C7EE0D8008D624A /* Coin.h */ = {isa = PBXFileReference; fileEncoding = 4; lastKnownFileType = sourcecode.c.h; path = Coin.h; sourceTree = "<group>"; };
		8F0EA14E1C7EE0D8008D624A /* Coin.m */ = {isa = PBXFileReference; fileEncoding = 4; lastKnownFileType = sourcecode.c.objc; path = Coin.m; sourceTree = "<group>"; };
		8F0EA1501C7EE0E9008D624A /* Bucket.h */ = {isa = PBXFileReference; fileEncoding = 4; lastKnownFileType = sourcecode.c.h; path = Bucket.h; sourceTree = "<group>"; };
		8F0EA1511C7EE0E9008D624A /* Bucket.m */ = {isa = PBXFileReference; fileEncoding = 4; lastKnownFileType = sourcecode.c.objc; path = Bucket.m; sourceTree = "<group>"; };
		8F0EA1551C7F475C008D624A /* CoinTests.m */ = {isa = PBXFileReference; fileEncoding = 4; lastKnownFileType = sourcecode.c.objc; path = CoinTests.m; sourceTree = "<group>"; };
/* End PBXFileReference section */

/* Begin PBXFrameworksBuildPhase section */
		8F0EA1131C7ED2DC008D624A /* Frameworks */ = {
			isa = PBXFrameworksBuildPhase;
			buildActionMask = 2147483647;
			files = (
			);
			runOnlyForDeploymentPostprocessing = 0;
		};
		8F0EA12C1C7ED2DC008D624A /* Frameworks */ = {
			isa = PBXFrameworksBuildPhase;
			buildActionMask = 2147483647;
			files = (
			);
			runOnlyForDeploymentPostprocessing = 0;
		};
		8F0EA1371C7ED2DC008D624A /* Frameworks */ = {
			isa = PBXFrameworksBuildPhase;
			buildActionMask = 2147483647;
			files = (
			);
			runOnlyForDeploymentPostprocessing = 0;
		};
/* End PBXFrameworksBuildPhase section */

/* Begin PBXGroup section */
		8F0EA10D1C7ED2DC008D624A = {
			isa = PBXGroup;
			children = (
				8F0EA1181C7ED2DC008D624A /* CoinsInABucket */,
				8F0EA1321C7ED2DC008D624A /* CoinsInABucketTests */,
				8F0EA13D1C7ED2DC008D624A /* CoinsInABucketUITests */,
				8F0EA1171C7ED2DC008D624A /* Products */,
			);
			sourceTree = "<group>";
		};
		8F0EA1171C7ED2DC008D624A /* Products */ = {
			isa = PBXGroup;
			children = (
				8F0EA1161C7ED2DC008D624A /* CoinsInABucket.app */,
				8F0EA12F1C7ED2DC008D624A /* CoinsInABucketTests.xctest */,
				8F0EA13A1C7ED2DC008D624A /* CoinsInABucketUITests.xctest */,
			);
			name = Products;
			sourceTree = "<group>";
		};
		8F0EA1181C7ED2DC008D624A /* CoinsInABucket */ = {
			isa = PBXGroup;
			children = (
				8F0EA14C1C7ED3F7008D624A /* Model */,
				8F0EA11C1C7ED2DC008D624A /* AppDelegate.h */,
				8F0EA11D1C7ED2DC008D624A /* AppDelegate.m */,
				8F0EA11F1C7ED2DC008D624A /* ViewController.h */,
				8F0EA1201C7ED2DC008D624A /* ViewController.m */,
				8F0EA1221C7ED2DC008D624A /* Main.storyboard */,
				8F0EA1251C7ED2DC008D624A /* Assets.xcassets */,
				8F0EA1271C7ED2DC008D624A /* LaunchScreen.storyboard */,
				8F0EA12A1C7ED2DC008D624A /* Info.plist */,
				8F0EA1191C7ED2DC008D624A /* Supporting Files */,
			);
			path = CoinsInABucket;
			sourceTree = "<group>";
		};
		8F0EA1191C7ED2DC008D624A /* Supporting Files */ = {
			isa = PBXGroup;
			children = (
				8F0EA11A1C7ED2DC008D624A /* main.m */,
			);
			name = "Supporting Files";
			sourceTree = "<group>";
		};
		8F0EA1321C7ED2DC008D624A /* CoinsInABucketTests */ = {
			isa = PBXGroup;
			children = (
				8F0EA1541C7F4730008D624A /* Model */,
				8F0EA1351C7ED2DC008D624A /* Info.plist */,
			);
			path = CoinsInABucketTests;
			sourceTree = "<group>";
		};
		8F0EA13D1C7ED2DC008D624A /* CoinsInABucketUITests */ = {
			isa = PBXGroup;
			children = (
				8F0EA13E1C7ED2DC008D624A /* CoinsInABucketUITests.m */,
				8F0EA1401C7ED2DC008D624A /* Info.plist */,
			);
			path = CoinsInABucketUITests;
			sourceTree = "<group>";
		};
		8F0EA14C1C7ED3F7008D624A /* Model */ = {
			isa = PBXGroup;
			children = (
				8F0EA14D1C7EE0D8008D624A /* Coin.h */,
				8F0EA14E1C7EE0D8008D624A /* Coin.m */,
				8F0EA1501C7EE0E9008D624A /* Bucket.h */,
				8F0EA1511C7EE0E9008D624A /* Bucket.m */,
			);
			path = Model;
			sourceTree = "<group>";
		};
		8F0EA1541C7F4730008D624A /* Model */ = {
			isa = PBXGroup;
			children = (
				8F0EA1551C7F475C008D624A /* CoinTests.m */,
			);
			path = Model;
			sourceTree = "<group>";
		};
/* End PBXGroup section */

/* Begin PBXNativeTarget section */
		8F0EA1151C7ED2DC008D624A /* CoinsInABucket */ = {
			isa = PBXNativeTarget;
			buildConfigurationList = 8F0EA1431C7ED2DC008D624A /* Build configuration list for PBXNativeTarget "CoinsInABucket" */;
			buildPhases = (
				8F0EA1121C7ED2DC008D624A /* Sources */,
				8F0EA1131C7ED2DC008D624A /* Frameworks */,
				8F0EA1141C7ED2DC008D624A /* Resources */,
			);
			buildRules = (
			);
			dependencies = (
			);
			name = CoinsInABucket;
			productName = CoinsInABucket;
			productReference = 8F0EA1161C7ED2DC008D624A /* CoinsInABucket.app */;
			productType = "com.apple.product-type.application";
		};
		8F0EA12E1C7ED2DC008D624A /* CoinsInABucketTests */ = {
			isa = PBXNativeTarget;
			buildConfigurationList = 8F0EA1461C7ED2DC008D624A /* Build configuration list for PBXNativeTarget "CoinsInABucketTests" */;
			buildPhases = (
				8F0EA12B1C7ED2DC008D624A /* Sources */,
				8F0EA12C1C7ED2DC008D624A /* Frameworks */,
				8F0EA12D1C7ED2DC008D624A /* Resources */,
			);
			buildRules = (
			);
			dependencies = (
				8F0EA1311C7ED2DC008D624A /* PBXTargetDependency */,
			);
			name = CoinsInABucketTests;
			productName = CoinsInABucketTests;
			productReference = 8F0EA12F1C7ED2DC008D624A /* CoinsInABucketTests.xctest */;
			productType = "com.apple.product-type.bundle.unit-test";
		};
		8F0EA1391C7ED2DC008D624A /* CoinsInABucketUITests */ = {
			isa = PBXNativeTarget;
			buildConfigurationList = 8F0EA1491C7ED2DC008D624A /* Build configuration list for PBXNativeTarget "CoinsInABucketUITests" */;
			buildPhases = (
				8F0EA1361C7ED2DC008D624A /* Sources */,
				8F0EA1371C7ED2DC008D624A /* Frameworks */,
				8F0EA1381C7ED2DC008D624A /* Resources */,
			);
			buildRules = (
			);
			dependencies = (
				8F0EA13C1C7ED2DC008D624A /* PBXTargetDependency */,
			);
			name = CoinsInABucketUITests;
			productName = CoinsInABucketUITests;
			productReference = 8F0EA13A1C7ED2DC008D624A /* CoinsInABucketUITests.xctest */;
			productType = "com.apple.product-type.bundle.ui-testing";
		};
/* End PBXNativeTarget section */

/* Begin PBXProject section */
		8F0EA10E1C7ED2DC008D624A /* Project object */ = {
			isa = PBXProject;
			attributes = {
				LastUpgradeCheck = 0720;
				ORGANIZATIONNAME = Hogwarts;
				TargetAttributes = {
					8F0EA1151C7ED2DC008D624A = {
						CreatedOnToolsVersion = 7.2.1;
					};
					8F0EA12E1C7ED2DC008D624A = {
						CreatedOnToolsVersion = 7.2.1;
						TestTargetID = 8F0EA1151C7ED2DC008D624A;
					};
					8F0EA1391C7ED2DC008D624A = {
						CreatedOnToolsVersion = 7.2.1;
						TestTargetID = 8F0EA1151C7ED2DC008D624A;
					};
				};
			};
			buildConfigurationList = 8F0EA1111C7ED2DC008D624A /* Build configuration list for PBXProject "CoinsInABucket" */;
			compatibilityVersion = "Xcode 3.2";
			developmentRegion = English;
			hasScannedForEncodings = 0;
			knownRegions = (
				en,
				Base,
			);
			mainGroup = 8F0EA10D1C7ED2DC008D624A;
			productRefGroup = 8F0EA1171C7ED2DC008D624A /* Products */;
			projectDirPath = "";
			projectRoot = "";
			targets = (
				8F0EA1151C7ED2DC008D624A /* CoinsInABucket */,
				8F0EA12E1C7ED2DC008D624A /* CoinsInABucketTests */,
				8F0EA1391C7ED2DC008D624A /* CoinsInABucketUITests */,
			);
		};
/* End PBXProject section */

/* Begin PBXResourcesBuildPhase section */
		8F0EA1141C7ED2DC008D624A /* Resources */ = {
			isa = PBXResourcesBuildPhase;
			buildActionMask = 2147483647;
			files = (
				8F0EA1291C7ED2DC008D624A /* LaunchScreen.storyboard in Resources */,
				8F0EA1261C7ED2DC008D624A /* Assets.xcassets in Resources */,
				8F0EA1241C7ED2DC008D624A /* Main.storyboard in Resources */,
			);
			runOnlyForDeploymentPostprocessing = 0;
		};
		8F0EA12D1C7ED2DC008D624A /* Resources */ = {
			isa = PBXResourcesBuildPhase;
			buildActionMask = 2147483647;
			files = (
			);
			runOnlyForDeploymentPostprocessing = 0;
		};
		8F0EA1381C7ED2DC008D624A /* Resources */ = {
			isa = PBXResourcesBuildPhase;
			buildActionMask = 2147483647;
			files = (
			);
			runOnlyForDeploymentPostprocessing = 0;
		};
/* End PBXResourcesBuildPhase section */

/* Begin PBXSourcesBuildPhase section */
		8F0EA1121C7ED2DC008D624A /* Sources */ = {
			isa = PBXSourcesBuildPhase;
			buildActionMask = 2147483647;
			files = (
				8F0EA1521C7EE0E9008D624A /* Bucket.m in Sources */,
				8F0EA1211C7ED2DC008D624A /* ViewController.m in Sources */,
				8F0EA11E1C7ED2DC008D624A /* AppDelegate.m in Sources */,
				8F0EA11B1C7ED2DC008D624A /* main.m in Sources */,
				8F0EA14F1C7EE0D8008D624A /* Coin.m in Sources */,
			);
			runOnlyForDeploymentPostprocessing = 0;
		};
		8F0EA12B1C7ED2DC008D624A /* Sources */ = {
			isa = PBXSourcesBuildPhase;
			buildActionMask = 2147483647;
			files = (
				8F0EA1561C7F475C008D624A /* CoinTests.m in Sources */,
			);
			runOnlyForDeploymentPostprocessing = 0;
		};
		8F0EA1361C7ED2DC008D624A /* Sources */ = {
			isa = PBXSourcesBuildPhase;
			buildActionMask = 2147483647;
			files = (
				8F0EA13F1C7ED2DC008D624A /* CoinsInABucketUITests.m in Sources */,
			);
			runOnlyForDeploymentPostprocessing = 0;
		};
/* End PBXSourcesBuildPhase section */

/* Begin PBXTargetDependency section */
		8F0EA1311C7ED2DC008D624A /* PBXTargetDependency */ = {
			isa = PBXTargetDependency;
			target = 8F0EA1151C7ED2DC008D624A /* CoinsInABucket */;
			targetProxy = 8F0EA1301C7ED2DC008D624A /* PBXContainerItemProxy */;
		};
		8F0EA13C1C7ED2DC008D624A /* PBXTargetDependency */ = {
			isa = PBXTargetDependency;
			target = 8F0EA1151C7ED2DC008D624A /* CoinsInABucket */;
			targetProxy = 8F0EA13B1C7ED2DC008D624A /* PBXContainerItemProxy */;
		};
/* End PBXTargetDependency section */

/* Begin PBXVariantGroup section */
		8F0EA1221C7ED2DC008D624A /* Main.storyboard */ = {
			isa = PBXVariantGroup;
			children = (
				8F0EA1231C7ED2DC008D624A /* Base */,
			);
			name = Main.storyboard;
			sourceTree = "<group>";
		};
		8F0EA1271C7ED2DC008D624A /* LaunchScreen.storyboard */ = {
			isa = PBXVariantGroup;
			children = (
				8F0EA1281C7ED2DC008D624A /* Base */,
			);
			name = LaunchScreen.storyboard;
			sourceTree = "<group>";
		};
/* End PBXVariantGroup section */

/* Begin XCBuildConfiguration section */
		8F0EA1411C7ED2DC008D624A /* Debug */ = {
			isa = XCBuildConfiguration;
			buildSettings = {
				ALWAYS_SEARCH_USER_PATHS = NO;
				CLANG_CXX_LANGUAGE_STANDARD = "gnu++0x";
				CLANG_CXX_LIBRARY = "libc++";
				CLANG_ENABLE_MODULES = YES;
				CLANG_ENABLE_OBJC_ARC = YES;
				CLANG_WARN_BOOL_CONVERSION = YES;
				CLANG_WARN_CONSTANT_CONVERSION = YES;
				CLANG_WARN_DIRECT_OBJC_ISA_USAGE = YES_ERROR;
				CLANG_WARN_EMPTY_BODY = YES;
				CLANG_WARN_ENUM_CONVERSION = YES;
				CLANG_WARN_INT_CONVERSION = YES;
				CLANG_WARN_OBJC_ROOT_CLASS = YES_ERROR;
				CLANG_WARN_UNREACHABLE_CODE = YES;
				CLANG_WARN__DUPLICATE_METHOD_MATCH = YES;
				"CODE_SIGN_IDENTITY[sdk=iphoneos*]" = "iPhone Developer";
				COPY_PHASE_STRIP = NO;
				DEBUG_INFORMATION_FORMAT = dwarf;
				ENABLE_STRICT_OBJC_MSGSEND = YES;
				ENABLE_TESTABILITY = YES;
				GCC_C_LANGUAGE_STANDARD = gnu99;
				GCC_DYNAMIC_NO_PIC = NO;
				GCC_NO_COMMON_BLOCKS = YES;
				GCC_OPTIMIZATION_LEVEL = 0;
				GCC_PREPROCESSOR_DEFINITIONS = (
					"DEBUG=1",
					"$(inherited)",
				);
				GCC_WARN_64_TO_32_BIT_CONVERSION = YES;
				GCC_WARN_ABOUT_RETURN_TYPE = YES_ERROR;
				GCC_WARN_UNDECLARED_SELECTOR = YES;
				GCC_WARN_UNINITIALIZED_AUTOS = YES_AGGRESSIVE;
				GCC_WARN_UNUSED_FUNCTION = YES;
				GCC_WARN_UNUSED_VARIABLE = YES;
				IPHONEOS_DEPLOYMENT_TARGET = 9.2;
				MTL_ENABLE_DEBUG_INFO = YES;
				ONLY_ACTIVE_ARCH = YES;
				SDKROOT = iphoneos;
				TARGETED_DEVICE_FAMILY = "1,2";
			};
			name = Debug;
		};
		8F0EA1421C7ED2DC008D624A /* Release */ = {
			isa = XCBuildConfiguration;
			buildSettings = {
				ALWAYS_SEARCH_USER_PATHS = NO;
				CLANG_CXX_LANGUAGE_STANDARD = "gnu++0x";
				CLANG_CXX_LIBRARY = "libc++";
				CLANG_ENABLE_MODULES = YES;
				CLANG_ENABLE_OBJC_ARC = YES;
				CLANG_WARN_BOOL_CONVERSION = YES;
				CLANG_WARN_CONSTANT_CONVERSION = YES;
				CLANG_WARN_DIRECT_OBJC_ISA_USAGE = YES_ERROR;
				CLANG_WARN_EMPTY_BODY = YES;
				CLANG_WARN_ENUM_CONVERSION = YES;
				CLANG_WARN_INT_CONVERSION = YES;
				CLANG_WARN_OBJC_ROOT_CLASS = YES_ERROR;
				CLANG_WARN_UNREACHABLE_CODE = YES;
				CLANG_WARN__DUPLICATE_METHOD_MATCH = YES;
				"CODE_SIGN_IDENTITY[sdk=iphoneos*]" = "iPhone Developer";
				COPY_PHASE_STRIP = NO;
				DEBUG_INFORMATION_FORMAT = "dwarf-with-dsym";
				ENABLE_NS_ASSERTIONS = NO;
				ENABLE_STRICT_OBJC_MSGSEND = YES;
				GCC_C_LANGUAGE_STANDARD = gnu99;
				GCC_NO_COMMON_BLOCKS = YES;
				GCC_WARN_64_TO_32_BIT_CONVERSION = YES;
				GCC_WARN_ABOUT_RETURN_TYPE = YES_ERROR;
				GCC_WARN_UNDECLARED_SELECTOR = YES;
				GCC_WARN_UNINITIALIZED_AUTOS = YES_AGGRESSIVE;
				GCC_WARN_UNUSED_FUNCTION = YES;
				GCC_WARN_UNUSED_VARIABLE = YES;
				IPHONEOS_DEPLOYMENT_TARGET = 9.2;
				MTL_ENABLE_DEBUG_INFO = NO;
				SDKROOT = iphoneos;
				TARGETED_DEVICE_FAMILY = "1,2";
				VALIDATE_PRODUCT = YES;
			};
			name = Release;
		};
		8F0EA1441C7ED2DC008D624A /* Debug */ = {
			isa = XCBuildConfiguration;
			buildSettings = {
				ASSETCATALOG_COMPILER_APPICON_NAME = AppIcon;
				INFOPLIST_FILE = CoinsInABucket/Info.plist;
				LD_RUNPATH_SEARCH_PATHS = "$(inherited) @executable_path/Frameworks";
				PRODUCT_BUNDLE_IDENTIFIER = hogwarts.CoinsInABucket;
				PRODUCT_NAME = "$(TARGET_NAME)";
			};
			name = Debug;
		};
		8F0EA1451C7ED2DC008D624A /* Release */ = {
			isa = XCBuildConfiguration;
			buildSettings = {
				ASSETCATALOG_COMPILER_APPICON_NAME = AppIcon;
				INFOPLIST_FILE = CoinsInABucket/Info.plist;
				LD_RUNPATH_SEARCH_PATHS = "$(inherited) @executable_path/Frameworks";
				PRODUCT_BUNDLE_IDENTIFIER = hogwarts.CoinsInABucket;
				PRODUCT_NAME = "$(TARGET_NAME)";
			};
			name = Release;
		};
		8F0EA1471C7ED2DC008D624A /* Debug */ = {
			isa = XCBuildConfiguration;
			buildSettings = {
				BUNDLE_LOADER = "$(TEST_HOST)";
				INFOPLIST_FILE = CoinsInABucketTests/Info.plist;
				LD_RUNPATH_SEARCH_PATHS = "$(inherited) @executable_path/Frameworks @loader_path/Frameworks";
				PRODUCT_BUNDLE_IDENTIFIER = hogwarts.CoinsInABucketTests;
				PRODUCT_NAME = "$(TARGET_NAME)";
				TEST_HOST = "$(BUILT_PRODUCTS_DIR)/CoinsInABucket.app/CoinsInABucket";
			};
			name = Debug;
		};
		8F0EA1481C7ED2DC008D624A /* Release */ = {
			isa = XCBuildConfiguration;
			buildSettings = {
				BUNDLE_LOADER = "$(TEST_HOST)";
				INFOPLIST_FILE = CoinsInABucketTests/Info.plist;
				LD_RUNPATH_SEARCH_PATHS = "$(inherited) @executable_path/Frameworks @loader_path/Frameworks";
				PRODUCT_BUNDLE_IDENTIFIER = hogwarts.CoinsInABucketTests;
				PRODUCT_NAME = "$(TARGET_NAME)";
				TEST_HOST = "$(BUILT_PRODUCTS_DIR)/CoinsInABucket.app/CoinsInABucket";
			};
			name = Release;
		};
		8F0EA14A1C7ED2DC008D624A /* Debug */ = {
			isa = XCBuildConfiguration;
			buildSettings = {
				INFOPLIST_FILE = CoinsInABucketUITests/Info.plist;
				LD_RUNPATH_SEARCH_PATHS = "$(inherited) @executable_path/Frameworks @loader_path/Frameworks";
				PRODUCT_BUNDLE_IDENTIFIER = hogwarts.CoinsInABucketUITests;
				PRODUCT_NAME = "$(TARGET_NAME)";
				TEST_TARGET_NAME = CoinsInABucket;
				USES_XCTRUNNER = YES;
			};
			name = Debug;
		};
		8F0EA14B1C7ED2DC008D624A /* Release */ = {
			isa = XCBuildConfiguration;
			buildSettings = {
				INFOPLIST_FILE = CoinsInABucketUITests/Info.plist;
				LD_RUNPATH_SEARCH_PATHS = "$(inherited) @executable_path/Frameworks @loader_path/Frameworks";
				PRODUCT_BUNDLE_IDENTIFIER = hogwarts.CoinsInABucketUITests;
				PRODUCT_NAME = "$(TARGET_NAME)";
				TEST_TARGET_NAME = CoinsInABucket;
				USES_XCTRUNNER = YES;
			};
			name = Release;
		};
/* End XCBuildConfiguration section */

/* Begin XCConfigurationList section */
		8F0EA1111C7ED2DC008D624A /* Build configuration list for PBXProject "CoinsInABucket" */ = {
			isa = XCConfigurationList;
			buildConfigurations = (
				8F0EA1411C7ED2DC008D624A /* Debug */,
				8F0EA1421C7ED2DC008D624A /* Release */,
			);
			defaultConfigurationIsVisible = 0;
			defaultConfigurationName = Release;
		};
		8F0EA1431C7ED2DC008D624A /* Build configuration list for PBXNativeTarget "CoinsInABucket" */ = {
			isa = XCConfigurationList;
			buildConfigurations = (
				8F0EA1441C7ED2DC008D624A /* Debug */,
				8F0EA1451C7ED2DC008D624A /* Release */,
			);
			defaultConfigurationIsVisible = 0;
			defaultConfigurationName = Release;
		};
		8F0EA1461C7ED2DC008D624A /* Build configuration list for PBXNativeTarget "CoinsInABucketTests" */ = {
			isa = XCConfigurationList;
			buildConfigurations = (
				8F0EA1471C7ED2DC008D624A /* Debug */,
				8F0EA1481C7ED2DC008D624A /* Release */,
			);
			defaultConfigurationIsVisible = 0;
			defaultConfigurationName = Release;
		};
		8F0EA1491C7ED2DC008D624A /* Build configuration list for PBXNativeTarget "CoinsInABucketUITests" */ = {
			isa = XCConfigurationList;
			buildConfigurations = (
				8F0EA14A1C7ED2DC008D624A /* Debug */,
				8F0EA14B1C7ED2DC008D624A /* Release */,
			);
			defaultConfigurationIsVisible = 0;
			defaultConfigurationName = Release;
		};
/* End XCConfigurationList section */
	};
	rootObject = 8F0EA10E1C7ED2DC008D624A /* Project object */;
}
